<?xml version="1.0" encoding="utf-8"?>
<Project ToolsVersion="4.0" xmlns="http://schemas.microsoft.com/developer/msbuild/2003">
  <ItemGroup>
    <Filter Include="Source Files">
      <UniqueIdentifier>{4FC737F1-C7A5-4376-A066-2A32D752A2FF}</UniqueIdentifier>
      <Extensions>cpp;c;cc;cxx;c++;cppm;ixx;def;odl;idl;hpj;bat;asm;asmx</Extensions>
    </Filter>
    <Filter Include="Header Files">
      <UniqueIdentifier>{93995380-89BD-4b04-88EB-625FBE52EBFB}</UniqueIdentifier>
      <Extensions>h;hh;hpp;hxx;h++;hm;inl;inc;ipp;xsd</Extensions>
    </Filter>
    <Filter Include="Resource Files">
      <UniqueIdentifier>{67DA6AB6-F800-4c08-8B7A-83BB121AAD01}</UniqueIdentifier>
      <Extensions>rc;ico;cur;bmp;dlg;rc2;rct;bin;rgs;gif;jpg;jpeg;jpe;resx;tiff;tif;png;wav;mfcribbon-ms</Extensions>
    </Filter>
    <Filter Include="Source Files\src">
      <UniqueIdentifier>{779359c7-a635-4380-b8e8-fa6cb9ec163a}</UniqueIdentifier>
    </Filter>
    <Filter Include="tests">
      <UniqueIdentifier>{15f7a11c-f73e-4fbd-9cec-84b79b76a073}</UniqueIdentifier>
    </Filter>
    <Filter Include="Header Files\include">
      <UniqueIdentifier>{a8b2621f-e50e-43ef-afa1-123c0a01966b}</UniqueIdentifier>
    </Filter>
    <Filter Include="Header Files\include\mathlib">
      <UniqueIdentifier>{8e2f0c5b-8739-4bc3-8ad0-7a97170a0944}</UniqueIdentifier>
    </Filter>
    <Filter Include="Header Files\include\mathlib\ODE">
      <UniqueIdentifier>{32cf3f84-2bbf-477f-af53-151b870b02e6}</UniqueIdentifier>
    </Filter>
    <Filter Include="Header Files\include\mathlib\PDE">
      <UniqueIdentifier>{d06d478e-64a1-4daa-bcd4-dfe2f7667308}</UniqueIdentifier>
    </Filter>
    <Filter Include="Header Files\include\mathlib\Interpolation">
      <UniqueIdentifier>{49780530-08be-4fb1-91d4-72c6dc355ebd}</UniqueIdentifier>
    </Filter>
    <Filter Include="Header Files\include\mathlib\Integration">
      <UniqueIdentifier>{8fa34f18-69be-4c05-86a9-4bf414e0ce2d}</UniqueIdentifier>
    </Filter>
    <Filter Include="Header Files\include\mathlib\LinearAlgebra">
      <UniqueIdentifier>{cdfa14ad-f740-47fe-b9c1-ddf37f60f7d6}</UniqueIdentifier>
    </Filter>
    <Filter Include="Header Files\include\mathlib\Optimisation">
      <UniqueIdentifier>{372e4dbc-6425-4abe-bfef-784e28b7bc9b}</UniqueIdentifier>
    </Filter>
    <Filter Include="Header Files\include\mathlib\Statistics">
      <UniqueIdentifier>{82730d37-bf3c-48f8-b306-0686bd1a6da8}</UniqueIdentifier>
    </Filter>
    <Filter Include="Header Files\include\mathlib\Utils">
      <UniqueIdentifier>{c61c2045-ae20-45ae-8406-42e7b68a4a70}</UniqueIdentifier>
    </Filter>
    <Filter Include="Header Files\include\physlib">
      <UniqueIdentifier>{3583ef83-aa8f-445f-a611-a91401107428}</UniqueIdentifier>
    </Filter>
    <Filter Include="Header Files\include\physlib\ODE">
      <UniqueIdentifier>{fd571d46-a9be-4990-9940-d8434de870a7}</UniqueIdentifier>
    </Filter>
    <Filter Include="Header Files\include\physlib\Trajectories">
      <UniqueIdentifier>{2592c355-b3df-496b-9e0d-de0e602307b1}</UniqueIdentifier>
    </Filter>
    <Filter Include="Header Files\include\physlib\LinearAlgebra">
      <UniqueIdentifier>{cd8f7b68-e8cf-44ff-9472-ea7bedaf68be}</UniqueIdentifier>
    </Filter>
    <Filter Include="Header Files\include\physlib\Constants">
      <UniqueIdentifier>{35071159-9b9b-42eb-a828-f69aeda8dd6b}</UniqueIdentifier>
    </Filter>
    <Filter Include="Header Files\include\physlib\Control">
      <UniqueIdentifier>{d4b02a41-0eb9-4b2a-a7d9-f6fb2dd2948f}</UniqueIdentifier>
    </Filter>
    <Filter Include="Header Files\include\physlib\Utils">
      <UniqueIdentifier>{502800da-8134-4d97-877f-0cf71c1f263c}</UniqueIdentifier>
    </Filter>
    <Filter Include="Header Files\include\physlib\Units">
      <UniqueIdentifier>{ce7af969-abe3-45d2-bdd6-edc4afae5475}</UniqueIdentifier>
    </Filter>
    <Filter Include="Header Files\include\physlib\Mechanics">
      <UniqueIdentifier>{135d2ec6-717a-405e-8d87-482cae890fc1}</UniqueIdentifier>
    </Filter>
    <Filter Include="Source Files\src\physlib">
      <UniqueIdentifier>{7306d204-a1a7-4cca-8683-11ca0c1d49b7}</UniqueIdentifier>
    </Filter>
    <Filter Include="Source Files\src\physlib\LinearAlgebra">
      <UniqueIdentifier>{53a5f0a2-f903-4d23-8038-20434f35a329}</UniqueIdentifier>
    </Filter>
    <Filter Include="Source Files\src\physlib\Control">
      <UniqueIdentifier>{0dd9a28f-8ed7-402b-a9dc-065614639958}</UniqueIdentifier>
    </Filter>
    <Filter Include="Source Files\src\physlib\Mechanics">
      <UniqueIdentifier>{d51d66ca-2607-4cc9-90a4-f1eea9526d7c}</UniqueIdentifier>
    </Filter>
    <Filter Include="Source Files\src\physlib\Units">
      <UniqueIdentifier>{2efcfb4e-5199-4c50-9d3f-f294e958df84}</UniqueIdentifier>
    </Filter>
    <Filter Include="Source Files\src\physlib\Utils">
      <UniqueIdentifier>{3d50d985-de06-44e8-ae75-ff86be14b0e5}</UniqueIdentifier>
    </Filter>
    <Filter Include="Source Files\src\mathlib">
      <UniqueIdentifier>{795e255a-a817-44a6-9c79-c46ab6d81984}</UniqueIdentifier>
    </Filter>
    <Filter Include="Source Files\src\mathlib\Interpolation">
      <UniqueIdentifier>{9eefe99c-12b8-4070-8222-f6930baaee61}</UniqueIdentifier>
    </Filter>
    <Filter Include="Source Files\src\mathlib\Integration">
      <UniqueIdentifier>{a38a5cb6-abc2-4ee7-bf46-1057f14a22dc}</UniqueIdentifier>
    </Filter>
    <Filter Include="Source Files\src\mathlib\LinearAlgebra">
      <UniqueIdentifier>{0e085ebe-b5e2-4826-aec1-184a5061b762}</UniqueIdentifier>
    </Filter>
    <Filter Include="Source Files\src\mathlib\Utils">
      <UniqueIdentifier>{206ed84d-0694-4533-9c7e-06d1a8798880}</UniqueIdentifier>
    </Filter>
    <Filter Include="Source Files\src\mathlib\Statistics">
      <UniqueIdentifier>{796893bd-3427-4aba-9706-2a534dce8129}</UniqueIdentifier>
    </Filter>
    <Filter Include="Source Files\src\mathlib\Optimisation">
      <UniqueIdentifier>{21b371f9-cb6f-4fd9-ab78-9c25b88ad2c8}</UniqueIdentifier>
    </Filter>
    <Filter Include="Source Files\src\mathlib\PDE">
      <UniqueIdentifier>{83e4b682-73bd-40ee-8bfc-7813778e5faf}</UniqueIdentifier>
    </Filter>
    <Filter Include="Source Files\src\mathlib\ODE">
      <UniqueIdentifier>{1780fc7c-8eb0-4396-8718-68b64c6e6ce7}</UniqueIdentifier>
    </Filter>
    <Filter Include="Source Files\src\physlib\Trajectories">
      <UniqueIdentifier>{cf873d6d-7b7c-42de-8f6a-98a43dd95c5a}</UniqueIdentifier>
    </Filter>
    <Filter Include="Source Files\src\physlib\ODE">
      <UniqueIdentifier>{1c6b60a1-b0b8-4082-8f7b-c1f6a19a3dae}</UniqueIdentifier>
    </Filter>
    <Filter Include="tests\test_mathlib">
      <UniqueIdentifier>{1e597800-9922-440d-85f7-ed29261d8ff3}</UniqueIdentifier>
    </Filter>
    <Filter Include="tests\test_physlib">
      <UniqueIdentifier>{320b7384-d19f-45c9-afc3-bc01529f41eb}</UniqueIdentifier>
    </Filter>
  </ItemGroup>
  <ItemGroup>
    <ClCompile Include="src\Main.cpp">
      <Filter>Source Files\src</Filter>
    </ClCompile>
    <ClCompile Include="tests\test_integrators.cpp">
      <Filter>tests</Filter>
    </ClCompile>
    <ClCompile Include="tests\test_ExplicitSolvers.cpp">
      <Filter>tests</Filter>
    </ClCompile>
    <ClCompile Include="src\physlib\LinearAlgebra\EigenvalueSolver.cpp">
      <Filter>Source Files\src\physlib\LinearAlgebra</Filter>
    </ClCompile>
    <ClCompile Include="src\physlib\LinearAlgebra\Jacobian.cpp">
      <Filter>Source Files\src\physlib\LinearAlgebra</Filter>
    </ClCompile>
    <ClCompile Include="src\physlib\Control\Control.cpp">
      <Filter>Source Files\src\physlib\Control</Filter>
    </ClCompile>
    <ClCompile Include="src\physlib\Control\PID.cpp">
      <Filter>Source Files\src\physlib\Control</Filter>
    </ClCompile>
    <ClCompile Include="src\physlib\Mechanics\Energy.cpp">
      <Filter>Source Files\src\physlib\Mechanics</Filter>
    </ClCompile>
    <ClCompile Include="src\physlib\Mechanics\Kinematics.cpp">
      <Filter>Source Files\src\physlib\Mechanics</Filter>
    </ClCompile>
    <ClCompile Include="src\physlib\Mechanics\Lagrangian.cpp">
      <Filter>Source Files\src\physlib\Mechanics</Filter>
    </ClCompile>
    <ClCompile Include="src\physlib\ODE\DynamicsSolvers.cpp">
      <Filter>Source Files\src\physlib\ODE</Filter>
    </ClCompile>
    <ClCompile Include="src\physlib\ODE\ForceModel.cpp">
      <Filter>Source Files\src\physlib\ODE</Filter>
    </ClCompile>
    <ClCompile Include="src\physlib\ODE\ODE.cpp">
      <Filter>Source Files\src\physlib\ODE</Filter>
    </ClCompile>
    <ClCompile Include="src\physlib\ODE\TrajectoryIntegrators.cpp">
      <Filter>Source Files\src\physlib\ODE</Filter>
    </ClCompile>
    <ClCompile Include="src\physlib\Mechanics\Dynamics.cpp">
      <Filter>Source Files\src\physlib\Mechanics</Filter>
    </ClCompile>
    <ClCompile Include="src\physlib\Trajectories\Interpolation.cpp">
      <Filter>Source Files\src\physlib\Trajectories</Filter>
    </ClCompile>
    <ClCompile Include="src\physlib\Trajectories\Trajectories.cpp">
      <Filter>Source Files\src\physlib\Trajectories</Filter>
    </ClCompile>
    <ClCompile Include="src\physlib\Utils\Utils.cpp">
      <Filter>Source Files\src\physlib\Utils</Filter>
    </ClCompile>
    <ClCompile Include="src\physlib\Units\Units.cpp">
      <Filter>Source Files\src\physlib\Units</Filter>
    </ClCompile>
    <ClCompile Include="src\mathlib\Utils\Utils.cpp">
      <Filter>Source Files\src\mathlib\Utils</Filter>
    </ClCompile>
    <ClCompile Include="src\mathlib\Optimisation\RootFinding.cpp">
      <Filter>Source Files\src\mathlib\Optimisation</Filter>
    </ClCompile>
    <ClCompile Include="src\mathlib\ODE\ExplicitSolvers.cpp">
      <Filter>Source Files\src\mathlib\ODE</Filter>
    </ClCompile>
    <ClCompile Include="src\mathlib\LinearAlgebra\EigenvalueComputations.cpp">
      <Filter>Source Files\src\mathlib\LinearAlgebra</Filter>
    </ClCompile>
    <ClCompile Include="src\mathlib\LinearAlgebra\Jacobian.cpp">
      <Filter>Source Files\src\mathlib\LinearAlgebra</Filter>
    </ClCompile>
    <ClCompile Include="src\mathlib\Integration\Romberg.cpp">
      <Filter>Source Files\src\mathlib\Integration</Filter>
    </ClCompile>
    <ClCompile Include="src\mathlib\Integration\Rules.cpp">
      <Filter>Source Files\src\mathlib\Integration</Filter>
    </ClCompile>
    <ClCompile Include="src\mathlib\Interpolation\Interpolation.cpp">
      <Filter>Source Files\src\mathlib\Interpolation</Filter>
    </ClCompile>
    <ClCompile Include="tests\test_physlib\Control.cpp">
      <Filter>tests\test_physlib</Filter>
    </ClCompile>
    <ClCompile Include="tests\test_physlib\test_LinearAlgebra.cpp">
      <Filter>tests\test_physlib</Filter>
    </ClCompile>
    <ClCompile Include="tests\test_physlib\test_Mechanics.cpp">
      <Filter>tests\test_physlib</Filter>
    </ClCompile>
    <ClCompile Include="tests\test_physlib\test_ODE.cpp">
      <Filter>tests\test_physlib</Filter>
    </ClCompile>
    <ClCompile Include="tests\test_physlib\test_Trajectories.cpp">
      <Filter>tests\test_physlib</Filter>
    </ClCompile>
    <ClCompile Include="tests\test_physlib\test_Units.cpp">
      <Filter>tests\test_physlib</Filter>
    </ClCompile>
    <ClCompile Include="tests\test_physlib\test_Utils.cpp">
      <Filter>tests\test_physlib</Filter>
    </ClCompile>
    <ClCompile Include="tests\test_mathlib\test_Integration.cpp">
      <Filter>tests\test_mathlib</Filter>
    </ClCompile>
    <ClCompile Include="tests\test_mathlib\test_Interpolation.cpp">
      <Filter>tests\test_mathlib</Filter>
    </ClCompile>
    <ClCompile Include="tests\test_mathlib\test_LinearAlgebra.cpp">
      <Filter>tests\test_mathlib</Filter>
    </ClCompile>
    <ClCompile Include="tests\test_mathlib\test_ODE.cpp">
      <Filter>tests\test_mathlib</Filter>
    </ClCompile>
    <ClCompile Include="tests\test_mathlib\test_Optimisation.cpp">
      <Filter>tests\test_mathlib</Filter>
    </ClCompile>
    <ClCompile Include="tests\test_mathlib\test_PDE.cpp">
      <Filter>tests\test_mathlib</Filter>
    </ClCompile>
    <ClCompile Include="tests\test_mathlib\test_statistics.cpp">
      <Filter>tests\test_mathlib</Filter>
    </ClCompile>
    <ClCompile Include="tests\test_mathlib\test_Utils.cpp">
      <Filter>tests\test_mathlib</Filter>
    </ClCompile>
  </ItemGroup>
  <ItemGroup>
    <Text Include="tests\CMakeLists.txt">
      <Filter>tests</Filter>
    </Text>
  </ItemGroup>
  <ItemGroup>
    <ClInclude Include="include\mathlib\Optimisation\RootFinding.hpp">
      <Filter>Header Files\include\mathlib\Optimisation</Filter>
    </ClInclude>
    <ClInclude Include="include\mathlib\LinearAlgebra\EigenvalueComputations.hpp">
      <Filter>Header Files\include\mathlib\LinearAlgebra</Filter>
    </ClInclude>
    <ClInclude Include="include\mathlib\LinearAlgebra\Jacobian.hpp">
      <Filter>Header Files\include\mathlib\LinearAlgebra</Filter>
    </ClInclude>
    <ClInclude Include="include\mathlib\Integration\Integration.hpp">
      <Filter>Header Files\include\mathlib\Integration</Filter>
    </ClInclude>
    <ClInclude Include="ODE.hpp">
      <Filter>Header Files\include\mathlib\ODE</Filter>
    </ClInclude>
    <ClInclude Include="include\mathlib\Integration\Romberg.hpp">
      <Filter>Header Files\include\mathlib\Integration</Filter>
    </ClInclude>
    <ClInclude Include="include\mathlib\Integration\Rules.hpp">
      <Filter>Header Files\include\mathlib\Integration</Filter>
    </ClInclude>
    <ClInclude Include="include\mathlib\LinearAlgebra\LinearAlgebra.hpp">
      <Filter>Header Files\include\mathlib\LinearAlgebra</Filter>
    </ClInclude>
    <ClInclude Include="include\mathlib\Utils\Utils.hpp">
      <Filter>Header Files\include\mathlib\Utils</Filter>
    </ClInclude>
    <ClInclude Include="include\mathlib\Statistics\Statistics.hpp">
      <Filter>Header Files\include\mathlib\Statistics</Filter>
    </ClInclude>
    <ClInclude Include="include\mathlib\Optimisation\Optimisation.hpp">
      <Filter>Header Files\include\mathlib\Optimisation</Filter>
    </ClInclude>
    <ClInclude Include="include\mathlib\PDE\PDE.hpp">
      <Filter>Header Files\include\mathlib\PDE</Filter>
    </ClInclude>
    <ClInclude Include="include\mathlib\ODE\ExplicitSolvers.hpp">
      <Filter>Header Files\include\mathlib\ODE</Filter>
    </ClInclude>
    <ClInclude Include="include\mathlib\Interpolation\Interpolation.hpp">
      <Filter>Header Files\include\mathlib\Interpolation</Filter>
    </ClInclude>
    <ClInclude Include="include\physlib\physlib.hpp">
      <Filter>Header Files\include\physlib</Filter>
    </ClInclude>
    <ClInclude Include="include\physlib\LinearAlgebra\EigenvalueSolver.hpp">
      <Filter>Header Files\include\physlib\LinearAlgebra</Filter>
    </ClInclude>
    <ClInclude Include="include\physlib\LinearAlgebra\Jacobian.hpp">
      <Filter>Header Files\include\physlib\LinearAlgebra</Filter>
    </ClInclude>
    <ClInclude Include="include\physlib\LinearAlgebra\LinearAlgebra.hpp">
      <Filter>Header Files\include\physlib\LinearAlgebra</Filter>
    </ClInclude>
    <ClInclude Include="include\physlib\Constants\Constants.hpp">
      <Filter>Header Files\include\physlib\Constants</Filter>
    </ClInclude>
    <ClInclude Include="include\physlib\Control\Control.hpp">
      <Filter>Header Files\include\physlib\Control</Filter>
    </ClInclude>
    <ClInclude Include="include\physlib\Control\Optimisation.hpp">
      <Filter>Header Files\include\physlib\Control</Filter>
    </ClInclude>
    <ClInclude Include="include\physlib\Control\PID.hpp">
      <Filter>Header Files\include\physlib\Control</Filter>
    </ClInclude>
    <ClInclude Include="include\physlib\Mechanics\Dynamics.hpp">
      <Filter>Header Files\include\physlib\Mechanics</Filter>
    </ClInclude>
    <ClInclude Include="include\physlib\Mechanics\Energy.hpp">
      <Filter>Header Files\include\physlib\Mechanics</Filter>
    </ClInclude>
    <ClInclude Include="include\physlib\Mechanics\Kinematics.hpp">
      <Filter>Header Files\include\physlib\Mechanics</Filter>
    </ClInclude>
    <ClInclude Include="include\physlib\Mechanics\Lagrangian.hpp">
      <Filter>Header Files\include\physlib\Mechanics</Filter>
    </ClInclude>
    <ClInclude Include="include\physlib\Mechanics\Mechanics.hpp">
      <Filter>Header Files\include\physlib\Mechanics</Filter>
    </ClInclude>
    <ClInclude Include="include\physlib\Units\Units.hpp">
      <Filter>Header Files\include\physlib\Units</Filter>
    </ClInclude>
    <ClInclude Include="include\physlib\Utils\Utils.hpp">
      <Filter>Header Files\include\physlib\Utils</Filter>
    </ClInclude>
    <ClInclude Include="include\physlib\Trajectories\Interpolation.hpp">
      <Filter>Header Files\include\physlib\Trajectories</Filter>
    </ClInclude>
    <ClInclude Include="include\physlib\Trajectories\Trajectories.hpp">
      <Filter>Header Files\include\physlib\Trajectories</Filter>
    </ClInclude>
    <ClInclude Include="include\physlib\ODE\DynamicsSolvers.hpp">
      <Filter>Header Files\include\physlib\ODE</Filter>
    </ClInclude>
    <ClInclude Include="include\physlib\ODE\ForceModel.hpp">
      <Filter>Header Files\include\physlib\ODE</Filter>
    </ClInclude>
    <ClInclude Include="include\physlib\ODE\ODE.hpp">
      <Filter>Header Files\include\physlib\ODE</Filter>
    </ClInclude>
    <ClInclude Include="include\physlib\ODE\ODEWrapper.hpp">
      <Filter>Header Files\include\physlib\ODE</Filter>
    </ClInclude>
    <ClInclude Include="include\physlib\ODE\TrajectoryIntegrators.hpp">
      <Filter>Header Files\include\physlib\ODE</Filter>
    </ClInclude>
    <ClInclude Include="include\mathlib\mathlib.hpp">
      <Filter>Header Files\include\mathlib</Filter>
    </ClInclude>
    <ClInclude Include="include\sci_lib.hpp">
      <Filter>Header Files\include</Filter>
    </ClInclude>
  </ItemGroup>
</Project>